
Microsoft Visual Studio Solution File, Format Version 12.00
# Visual Studio 15
VisualStudioVersion = 15.0.28307.572
MinimumVisualStudioVersion = 10.0.40219.1
Project("{8BC9CEB8-8B4A-11D0-8D11-00A0C91BC942}") = "BT_Client", "BT_Client\BT_Client.vcxproj", "{3190FD2A-0071-470A-A038-BE3478879E9F}"
EndProject
Global
	GlobalSection(SolutionConfigurationPlatforms) = preSolution
		Debug|x64 = Debug|x64
		Debug|x86 = Debug|x86
		Release|x64 = Release|x64
		Release|x86 = Release|x86
	EndGlobalSection
	GlobalSection(ProjectConfigurationPlatforms) = postSolution
		{3190FD2A-0071-470A-A038-BE3478879E9F}.Debug|x64.ActiveCfg = Debug|x64
		{3190FD2A-0071-470A-A038-BE3478879E9F}.Debug|x64.Build.0 = Debug|x64
		{3190FD2A-0071-470A-A038-BE3478879E9F}.Debug|x86.ActiveCfg = Debug|Win32
		{3190FD2A-0071-470A-A038-BE3478879E9F}.Debug|x86.Build.0 = Debug|Win32
		{3190FD2A-0071-470A-A038-BE3478879E9F}.Release|x64.ActiveCfg = Release|x64
		{3190FD2A-0071-470A-A038-BE3478879E9F}.Release|x64.Build.0 = Release|x64
		{3190FD2A-0071-470A-A038-BE3478879E9F}.Release|x86.ActiveCfg = Release|Win32
		{3190FD2A-0071-470A-A038-BE3478879E9F}.Release|x86.Build.0 = Release|Win32
	EndGlobalSection
	GlobalSection(SolutionProperties) = preSolution
		HideSolutionNode = FALSE
	EndGlobalSection
	GlobalSection(ExtensibilityGlobals) = postSolution
		SolutionGuid = {D318EC44-5B40-4296-9227-588A00BB4E9A}
	EndGlobalSection
EndGlobal
